// !$*UTF8*$!
{
	archiveVersion = 1;
	classes = {
	};
	objectVersion = 55;
	objects = {

/* Begin PBXBuildFile section */
		0AA0CCD72865DE3F00435407 /* MainView.swift in Sources */ = {isa = PBXBuildFile; fileRef = 0AA0CCD62865DE3F00435407 /* MainView.swift */; };
		0AA0CCDB2865E00900435407 /* ProfileView.swift in Sources */ = {isa = PBXBuildFile; fileRef = 0AA0CCDA2865E00900435407 /* ProfileView.swift */; };
		0AA0CCDE2865E0DD00435407 /* ChatView.swift in Sources */ = {isa = PBXBuildFile; fileRef = 0AA0CCDD2865E0DD00435407 /* ChatView.swift */; };
		0AA0CCE12865E20400435407 /* SingInView.swift in Sources */ = {isa = PBXBuildFile; fileRef = 0AA0CCE02865E20400435407 /* SingInView.swift */; };
		0AA0CCE42865E77C00435407 /* SingUpView.swift in Sources */ = {isa = PBXBuildFile; fileRef = 0AA0CCE32865E77C00435407 /* SingUpView.swift */; };
		0AA0CCED286605CD00435407 /* FirebaseAuth in Frameworks */ = {isa = PBXBuildFile; productRef = 0AA0CCEC286605CD00435407 /* FirebaseAuth */; };
		0AA0CCEF286605CD00435407 /* FirebaseDatabase in Frameworks */ = {isa = PBXBuildFile; productRef = 0AA0CCEE286605CD00435407 /* FirebaseDatabase */; };
		0AA0CCF1286605CD00435407 /* FirebaseFirestore in Frameworks */ = {isa = PBXBuildFile; productRef = 0AA0CCF0286605CD00435407 /* FirebaseFirestore */; };
		0AA0CCF3286605CD00435407 /* FirebaseMessaging in Frameworks */ = {isa = PBXBuildFile; productRef = 0AA0CCF2286605CD00435407 /* FirebaseMessaging */; };
		0AA0CCF5286605CD00435407 /* FirebaseStorage in Frameworks */ = {isa = PBXBuildFile; productRef = 0AA0CCF4286605CD00435407 /* FirebaseStorage */; };
		0AA0CCF72866064200435407 /* AppDelegate.swift in Sources */ = {isa = PBXBuildFile; fileRef = 0AA0CCF62866064200435407 /* AppDelegate.swift */; };
		0AA0CCF9286606EA00435407 /* AuthViewModel.swift in Sources */ = {isa = PBXBuildFile; fileRef = 0AA0CCF8286606EA00435407 /* AuthViewModel.swift */; };
		0AA7FB47285800CF008EC7CE /* CardView.swift in Sources */ = {isa = PBXBuildFile; fileRef = 0AA7FB46285800CF008EC7CE /* CardView.swift */; };
		0AA7FB49285811CA008EC7CE /* HomeButtonView.swift in Sources */ = {isa = PBXBuildFile; fileRef = 0AA7FB48285811CA008EC7CE /* HomeButtonView.swift */; };
		0AC42F6A2853DD2400FCB373 /* LaunchViewModel.swift in Sources */ = {isa = PBXBuildFile; fileRef = 0AC42F692853DD2400FCB373 /* LaunchViewModel.swift */; };
		86619755284D87C1006E7326 /* ContentView.swift in Sources */ = {isa = PBXBuildFile; fileRef = 86619754284D87C1006E7326 /* ContentView.swift */; };
		86619757284D87C3006E7326 /* Assets.xcassets in Resources */ = {isa = PBXBuildFile; fileRef = 86619756284D87C3006E7326 /* Assets.xcassets */; };
		8661975A284D87C3006E7326 /* Preview Assets.xcassets in Resources */ = {isa = PBXBuildFile; fileRef = 86619759284D87C3006E7326 /* Preview Assets.xcassets */; };
		86619766284D88DE006E7326 /* AppState.swift in Sources */ = {isa = PBXBuildFile; fileRef = 86619765284D88DE006E7326 /* AppState.swift */; };
		86619768284D8929006E7326 /* Model.swift in Sources */ = {isa = PBXBuildFile; fileRef = 86619767284D8929006E7326 /* Model.swift */; };
		8661976A284D8ACF006E7326 /* MyApp_iOSApp.swift in Sources */ = {isa = PBXBuildFile; fileRef = 86619769284D8ACF006E7326 /* MyApp_iOSApp.swift */; };
		86619770284D8EA8006E7326 /* HomeViewModel.swift in Sources */ = {isa = PBXBuildFile; fileRef = 8661976F284D8EA8006E7326 /* HomeViewModel.swift */; };
		86619772284D8F10006E7326 /* LaunchView.swift in Sources */ = {isa = PBXBuildFile; fileRef = 86619771284D8F10006E7326 /* LaunchView.swift */; };
		86619774284D8F24006E7326 /* LaunchScreen.storyboard in Resources */ = {isa = PBXBuildFile; fileRef = 86619773284D8F24006E7326 /* LaunchScreen.storyboard */; };
		DAEF2DF92866B13000431284 /* FirebaseAuth in Frameworks */ = {isa = PBXBuildFile; productRef = DAEF2DF82866B13000431284 /* FirebaseAuth */; };
		DAEF2DFB2866B13000431284 /* FirebaseDatabase in Frameworks */ = {isa = PBXBuildFile; productRef = DAEF2DFA2866B13000431284 /* FirebaseDatabase */; };
		DAEF2DFD2866B13000431284 /* FirebaseFirestore in Frameworks */ = {isa = PBXBuildFile; productRef = DAEF2DFC2866B13000431284 /* FirebaseFirestore */; };
		DAEF2DFF2866B13000431284 /* FirebaseMessaging in Frameworks */ = {isa = PBXBuildFile; productRef = DAEF2DFE2866B13000431284 /* FirebaseMessaging */; };
		DAEF2E012866B13000431284 /* FirebaseStorage in Frameworks */ = {isa = PBXBuildFile; productRef = DAEF2E002866B13000431284 /* FirebaseStorage */; };
		DAEF2E032866B43800431284 /* GoogleService-Info.plist in Resources */ = {isa = PBXBuildFile; fileRef = DAEF2E022866B43800431284 /* GoogleService-Info.plist */; };
/* End PBXBuildFile section */

/* Begin PBXFileReference section */
		0AA0CCD62865DE3F00435407 /* MainView.swift */ = {isa = PBXFileReference; lastKnownFileType = sourcecode.swift; path = MainView.swift; sourceTree = "<group>"; };
		0AA0CCDA2865E00900435407 /* ProfileView.swift */ = {isa = PBXFileReference; lastKnownFileType = sourcecode.swift; path = ProfileView.swift; sourceTree = "<group>"; };
		0AA0CCDD2865E0DD00435407 /* ChatView.swift */ = {isa = PBXFileReference; lastKnownFileType = sourcecode.swift; path = ChatView.swift; sourceTree = "<group>"; };
		0AA0CCE02865E20400435407 /* SingInView.swift */ = {isa = PBXFileReference; lastKnownFileType = sourcecode.swift; path = SingInView.swift; sourceTree = "<group>"; };
		0AA0CCE32865E77C00435407 /* SingUpView.swift */ = {isa = PBXFileReference; lastKnownFileType = sourcecode.swift; path = SingUpView.swift; sourceTree = "<group>"; };
		0AA0CCF62866064200435407 /* AppDelegate.swift */ = {isa = PBXFileReference; lastKnownFileType = sourcecode.swift; path = AppDelegate.swift; sourceTree = "<group>"; };
		0AA0CCF8286606EA00435407 /* AuthViewModel.swift */ = {isa = PBXFileReference; lastKnownFileType = sourcecode.swift; path = AuthViewModel.swift; sourceTree = "<group>"; };
		0AA7FB46285800CF008EC7CE /* CardView.swift */ = {isa = PBXFileReference; lastKnownFileType = sourcecode.swift; path = CardView.swift; sourceTree = "<group>"; };
		0AA7FB48285811CA008EC7CE /* HomeButtonView.swift */ = {isa = PBXFileReference; lastKnownFileType = sourcecode.swift; path = HomeButtonView.swift; sourceTree = "<group>"; };
		0AC42F692853DD2400FCB373 /* LaunchViewModel.swift */ = {isa = PBXFileReference; lastKnownFileType = sourcecode.swift; path = LaunchViewModel.swift; sourceTree = "<group>"; };
		8661974F284D87C1006E7326 /* Poke Tinder.app */ = {isa = PBXFileReference; explicitFileType = wrapper.application; includeInIndex = 0; path = "Poke Tinder.app"; sourceTree = BUILT_PRODUCTS_DIR; };
		86619754284D87C1006E7326 /* ContentView.swift */ = {isa = PBXFileReference; lastKnownFileType = sourcecode.swift; path = ContentView.swift; sourceTree = "<group>"; };
		86619756284D87C3006E7326 /* Assets.xcassets */ = {isa = PBXFileReference; lastKnownFileType = folder.assetcatalog; path = Assets.xcassets; sourceTree = "<group>"; };
		86619759284D87C3006E7326 /* Preview Assets.xcassets */ = {isa = PBXFileReference; lastKnownFileType = folder.assetcatalog; path = "Preview Assets.xcassets"; sourceTree = "<group>"; };
		86619765284D88DE006E7326 /* AppState.swift */ = {isa = PBXFileReference; lastKnownFileType = sourcecode.swift; path = AppState.swift; sourceTree = "<group>"; };
		86619767284D8929006E7326 /* Model.swift */ = {isa = PBXFileReference; lastKnownFileType = sourcecode.swift; path = Model.swift; sourceTree = "<group>"; };
		86619769284D8ACF006E7326 /* MyApp_iOSApp.swift */ = {isa = PBXFileReference; lastKnownFileType = sourcecode.swift; path = MyApp_iOSApp.swift; sourceTree = "<group>"; };
		8661976F284D8EA8006E7326 /* HomeViewModel.swift */ = {isa = PBXFileReference; lastKnownFileType = sourcecode.swift; path = HomeViewModel.swift; sourceTree = "<group>"; };
		86619771284D8F10006E7326 /* LaunchView.swift */ = {isa = PBXFileReference; lastKnownFileType = sourcecode.swift; path = LaunchView.swift; sourceTree = "<group>"; };
		86619773284D8F24006E7326 /* LaunchScreen.storyboard */ = {isa = PBXFileReference; lastKnownFileType = file.storyboard; path = LaunchScreen.storyboard; sourceTree = "<group>"; };
		DAEF2E022866B43800431284 /* GoogleService-Info.plist */ = {isa = PBXFileReference; fileEncoding = 4; lastKnownFileType = text.plist.xml; path = "GoogleService-Info.plist"; sourceTree = "<group>"; };
/* End PBXFileReference section */

/* Begin PBXFrameworksBuildPhase section */
		8661974C284D87C1006E7326 /* Frameworks */ = {
			isa = PBXFrameworksBuildPhase;
			buildActionMask = 2147483647;
			files = (
				DAEF2DFF2866B13000431284 /* FirebaseMessaging in Frameworks */,
				0AA0CCF3286605CD00435407 /* FirebaseMessaging in Frameworks */,
				DAEF2DF92866B13000431284 /* FirebaseAuth in Frameworks */,
				DAEF2E012866B13000431284 /* FirebaseStorage in Frameworks */,
				0AA0CCEF286605CD00435407 /* FirebaseDatabase in Frameworks */,
				0AA0CCED286605CD00435407 /* FirebaseAuth in Frameworks */,
				0AA0CCF5286605CD00435407 /* FirebaseStorage in Frameworks */,
				DAEF2DFD2866B13000431284 /* FirebaseFirestore in Frameworks */,
				DAEF2DFB2866B13000431284 /* FirebaseDatabase in Frameworks */,
				0AA0CCF1286605CD00435407 /* FirebaseFirestore in Frameworks */,
			);
			runOnlyForDeploymentPostprocessing = 0;
		};
/* End PBXFrameworksBuildPhase section */

/* Begin PBXGroup section */
		0AA0CCD92865DFF900435407 /* Profile */ = {
			isa = PBXGroup;
			children = (
				0AA0CCDA2865E00900435407 /* ProfileView.swift */,
			);
			path = Profile;
			sourceTree = "<group>";
		};
		0AA0CCDC2865E0CB00435407 /* Chat */ = {
			isa = PBXGroup;
			children = (
				0AA0CCDD2865E0DD00435407 /* ChatView.swift */,
			);
			path = Chat;
			sourceTree = "<group>";
		};
		0AA0CCDF2865E1DD00435407 /* SingIn */ = {
			isa = PBXGroup;
			children = (
				0AA0CCE02865E20400435407 /* SingInView.swift */,
			);
			path = SingIn;
			sourceTree = "<group>";
		};
		0AA0CCE22865E76800435407 /* SingUp */ = {
			isa = PBXGroup;
			children = (
				0AA0CCE32865E77C00435407 /* SingUpView.swift */,
			);
			path = SingUp;
			sourceTree = "<group>";
		};
		0AA7FB4528580094008EC7CE /* Components */ = {
			isa = PBXGroup;
			children = (
				0AA7FB46285800CF008EC7CE /* CardView.swift */,
				0AA7FB48285811CA008EC7CE /* HomeButtonView.swift */,
			);
			path = Components;
			sourceTree = "<group>";
		};
		86619746284D87C1006E7326 = {
			isa = PBXGroup;
			children = (
				86619751284D87C1006E7326 /* iOSAppTemplate */,
				86619750284D87C1006E7326 /* Products */,
			);
			sourceTree = "<group>";
		};
		86619750284D87C1006E7326 /* Products */ = {
			isa = PBXGroup;
			children = (
				8661974F284D87C1006E7326 /* Poke Tinder.app */,
			);
			name = Products;
			sourceTree = "<group>";
		};
		86619751284D87C1006E7326 /* iOSAppTemplate */ = {
			isa = PBXGroup;
			children = (
				DAEF2E022866B43800431284 /* GoogleService-Info.plist */,
				0AA7FB4528580094008EC7CE /* Components */,
				8661976D284D8E6B006E7326 /* Main */,
				8661976C284D8E65006E7326 /* Launch */,
				8661976B284D8DA2006E7326 /* Assets */,
				86619760284D8833006E7326 /* Model */,
				86619765284D88DE006E7326 /* AppState.swift */,
				86619769284D8ACF006E7326 /* MyApp_iOSApp.swift */,
				86619758284D87C3006E7326 /* Preview Content */,
				0AA0CCF62866064200435407 /* AppDelegate.swift */,
			);
			path = iOSAppTemplate;
			sourceTree = "<group>";
		};
		86619758284D87C3006E7326 /* Preview Content */ = {
			isa = PBXGroup;
			children = (
				86619759284D87C3006E7326 /* Preview Assets.xcassets */,
			);
			path = "Preview Content";
			sourceTree = "<group>";
		};
		86619760284D8833006E7326 /* Model */ = {
			isa = PBXGroup;
			children = (
				86619767284D8929006E7326 /* Model.swift */,
			);
			path = Model;
			sourceTree = "<group>";
		};
		86619762284D8842006E7326 /* ViewModels */ = {
			isa = PBXGroup;
			children = (
				8661976F284D8EA8006E7326 /* HomeViewModel.swift */,
				0AC42F692853DD2400FCB373 /* LaunchViewModel.swift */,
				0AA0CCF8286606EA00435407 /* AuthViewModel.swift */,
			);
			path = ViewModels;
			sourceTree = "<group>";
		};
		8661976B284D8DA2006E7326 /* Assets */ = {
			isa = PBXGroup;
			children = (
				86619756284D87C3006E7326 /* Assets.xcassets */,
			);
			path = Assets;
			sourceTree = "<group>";
		};
		8661976C284D8E65006E7326 /* Launch */ = {
			isa = PBXGroup;
			children = (
				86619771284D8F10006E7326 /* LaunchView.swift */,
				86619773284D8F24006E7326 /* LaunchScreen.storyboard */,
			);
			path = Launch;
			sourceTree = "<group>";
		};
		8661976D284D8E6B006E7326 /* Main */ = {
			isa = PBXGroup;
			children = (
				0AA0CCE22865E76800435407 /* SingUp */,
				0AA0CCDF2865E1DD00435407 /* SingIn */,
				0AA0CCD62865DE3F00435407 /* MainView.swift */,
				0AA0CCDC2865E0CB00435407 /* Chat */,
				0AA0CCD92865DFF900435407 /* Profile */,
				86619762284D8842006E7326 /* ViewModels */,
				8661976E284D8E73006E7326 /* Home */,
			);
			path = Main;
			sourceTree = "<group>";
		};
		8661976E284D8E73006E7326 /* Home */ = {
			isa = PBXGroup;
			children = (
				86619754284D87C1006E7326 /* ContentView.swift */,
			);
			path = Home;
			sourceTree = "<group>";
		};
/* End PBXGroup section */

/* Begin PBXNativeTarget section */
		8661974E284D87C1006E7326 /* iOSAppTemplate */ = {
			isa = PBXNativeTarget;
			buildConfigurationList = 8661975D284D87C3006E7326 /* Build configuration list for PBXNativeTarget "iOSAppTemplate" */;
			buildPhases = (
				8661974B284D87C1006E7326 /* Sources */,
				8661974C284D87C1006E7326 /* Frameworks */,
				8661974D284D87C1006E7326 /* Resources */,
			);
			buildRules = (
			);
			dependencies = (
			);
			name = iOSAppTemplate;
			packageProductDependencies = (
				0AA0CCEC286605CD00435407 /* FirebaseAuth */,
				0AA0CCEE286605CD00435407 /* FirebaseDatabase */,
				0AA0CCF0286605CD00435407 /* FirebaseFirestore */,
				0AA0CCF2286605CD00435407 /* FirebaseMessaging */,
				0AA0CCF4286605CD00435407 /* FirebaseStorage */,
				DAEF2DF82866B13000431284 /* FirebaseAuth */,
				DAEF2DFA2866B13000431284 /* FirebaseDatabase */,
				DAEF2DFC2866B13000431284 /* FirebaseFirestore */,
				DAEF2DFE2866B13000431284 /* FirebaseMessaging */,
				DAEF2E002866B13000431284 /* FirebaseStorage */,
			);
			productName = iOSAppTemplate;
			productReference = 8661974F284D87C1006E7326 /* Poke Tinder.app */;
			productType = "com.apple.product-type.application";
		};
/* End PBXNativeTarget section */

/* Begin PBXProject section */
		86619747284D87C1006E7326 /* Project object */ = {
			isa = PBXProject;
			attributes = {
				BuildIndependentTargetsInParallel = 1;
				LastSwiftUpdateCheck = 1330;
				LastUpgradeCheck = 1330;
				TargetAttributes = {
					8661974E284D87C1006E7326 = {
						CreatedOnToolsVersion = 13.3;
					};
				};
			};
			buildConfigurationList = 8661974A284D87C1006E7326 /* Build configuration list for PBXProject "iOSAppTemplate" */;
			compatibilityVersion = "Xcode 13.0";
			developmentRegion = en;
			hasScannedForEncodings = 0;
			knownRegions = (
				en,
				Base,
			);
			mainGroup = 86619746284D87C1006E7326;
			packageReferences = (
				0AA0CCEB286605CD00435407 /* XCRemoteSwiftPackageReference "firebase-ios-sdk" */,
				DAEF2DF72866B13000431284 /* XCRemoteSwiftPackageReference "firebase-ios-sdk" */,
			);
			productRefGroup = 86619750284D87C1006E7326 /* Products */;
			projectDirPath = "";
			projectRoot = "";
			targets = (
				8661974E284D87C1006E7326 /* iOSAppTemplate */,
			);
		};
/* End PBXProject section */

/* Begin PBXResourcesBuildPhase section */
		8661974D284D87C1006E7326 /* Resources */ = {
			isa = PBXResourcesBuildPhase;
			buildActionMask = 2147483647;
			files = (
				86619774284D8F24006E7326 /* LaunchScreen.storyboard in Resources */,
				DAEF2E032866B43800431284 /* GoogleService-Info.plist in Resources */,
				8661975A284D87C3006E7326 /* Preview Assets.xcassets in Resources */,
				86619757284D87C3006E7326 /* Assets.xcassets in Resources */,
			);
			runOnlyForDeploymentPostprocessing = 0;
		};
/* End PBXResourcesBuildPhase section */

/* Begin PBXSourcesBuildPhase section */
		8661974B284D87C1006E7326 /* Sources */ = {
			isa = PBXSourcesBuildPhase;
			buildActionMask = 2147483647;
			files = (
				86619766284D88DE006E7326 /* AppState.swift in Sources */,
				86619772284D8F10006E7326 /* LaunchView.swift in Sources */,
				0AC42F6A2853DD2400FCB373 /* LaunchViewModel.swift in Sources */,
				0AA0CCF72866064200435407 /* AppDelegate.swift in Sources */,
				0AA0CCD72865DE3F00435407 /* MainView.swift in Sources */,
				0AA0CCDE2865E0DD00435407 /* ChatView.swift in Sources */,
				86619755284D87C1006E7326 /* ContentView.swift in Sources */,
				0AA7FB49285811CA008EC7CE /* HomeButtonView.swift in Sources */,
				86619768284D8929006E7326 /* Model.swift in Sources */,
				0AA0CCE42865E77C00435407 /* SingUpView.swift in Sources */,
				8661976A284D8ACF006E7326 /* MyApp_iOSApp.swift in Sources */,
				0AA0CCE12865E20400435407 /* SingInView.swift in Sources */,
				0AA0CCF9286606EA00435407 /* AuthViewModel.swift in Sources */,
				0AA7FB47285800CF008EC7CE /* CardView.swift in Sources */,
				0AA0CCDB2865E00900435407 /* ProfileView.swift in Sources */,
				86619770284D8EA8006E7326 /* HomeViewModel.swift in Sources */,
			);
			runOnlyForDeploymentPostprocessing = 0;
		};
/* End PBXSourcesBuildPhase section */

/* Begin XCBuildConfiguration section */
		8661975B284D87C3006E7326 /* Debug */ = {
			isa = XCBuildConfiguration;
			buildSettings = {
				ALWAYS_SEARCH_USER_PATHS = NO;
				CLANG_ANALYZER_NONNULL = YES;
				CLANG_ANALYZER_NUMBER_OBJECT_CONVERSION = YES_AGGRESSIVE;
				CLANG_CXX_LANGUAGE_STANDARD = "gnu++17";
				CLANG_ENABLE_MODULES = YES;
				CLANG_ENABLE_OBJC_ARC = YES;
				CLANG_ENABLE_OBJC_WEAK = YES;
				CLANG_WARN_BLOCK_CAPTURE_AUTORELEASING = YES;
				CLANG_WARN_BOOL_CONVERSION = YES;
				CLANG_WARN_COMMA = YES;
				CLANG_WARN_CONSTANT_CONVERSION = YES;
				CLANG_WARN_DEPRECATED_OBJC_IMPLEMENTATIONS = YES;
				CLANG_WARN_DIRECT_OBJC_ISA_USAGE = YES_ERROR;
				CLANG_WARN_DOCUMENTATION_COMMENTS = YES;
				CLANG_WARN_EMPTY_BODY = YES;
				CLANG_WARN_ENUM_CONVERSION = YES;
				CLANG_WARN_INFINITE_RECURSION = YES;
				CLANG_WARN_INT_CONVERSION = YES;
				CLANG_WARN_NON_LITERAL_NULL_CONVERSION = YES;
				CLANG_WARN_OBJC_IMPLICIT_RETAIN_SELF = YES;
				CLANG_WARN_OBJC_LITERAL_CONVERSION = YES;
				CLANG_WARN_OBJC_ROOT_CLASS = YES_ERROR;
				CLANG_WARN_QUOTED_INCLUDE_IN_FRAMEWORK_HEADER = YES;
				CLANG_WARN_RANGE_LOOP_ANALYSIS = YES;
				CLANG_WARN_STRICT_PROTOTYPES = YES;
				CLANG_WARN_SUSPICIOUS_MOVE = YES;
				CLANG_WARN_UNGUARDED_AVAILABILITY = YES_AGGRESSIVE;
				CLANG_WARN_UNREACHABLE_CODE = YES;
				CLANG_WARN__DUPLICATE_METHOD_MATCH = YES;
				COPY_PHASE_STRIP = NO;
				DEBUG_INFORMATION_FORMAT = dwarf;
				ENABLE_STRICT_OBJC_MSGSEND = YES;
				ENABLE_TESTABILITY = YES;
				GCC_C_LANGUAGE_STANDARD = gnu11;
				GCC_DYNAMIC_NO_PIC = NO;
				GCC_NO_COMMON_BLOCKS = YES;
				GCC_OPTIMIZATION_LEVEL = 0;
				GCC_PREPROCESSOR_DEFINITIONS = (
					"DEBUG=1",
					"$(inherited)",
				);
				GCC_WARN_64_TO_32_BIT_CONVERSION = YES;
				GCC_WARN_ABOUT_RETURN_TYPE = YES_ERROR;
				GCC_WARN_UNDECLARED_SELECTOR = YES;
				GCC_WARN_UNINITIALIZED_AUTOS = YES_AGGRESSIVE;
				GCC_WARN_UNUSED_FUNCTION = YES;
				GCC_WARN_UNUSED_VARIABLE = YES;
				IPHONEOS_DEPLOYMENT_TARGET = 15.4;
				MTL_ENABLE_DEBUG_INFO = INCLUDE_SOURCE;
				MTL_FAST_MATH = YES;
				ONLY_ACTIVE_ARCH = YES;
				SDKROOT = iphoneos;
				SWIFT_ACTIVE_COMPILATION_CONDITIONS = DEBUG;
				SWIFT_OPTIMIZATION_LEVEL = "-Onone";
			};
			name = Debug;
		};
		8661975C284D87C3006E7326 /* Release */ = {
			isa = XCBuildConfiguration;
			buildSettings = {
				ALWAYS_SEARCH_USER_PATHS = NO;
				CLANG_ANALYZER_NONNULL = YES;
				CLANG_ANALYZER_NUMBER_OBJECT_CONVERSION = YES_AGGRESSIVE;
				CLANG_CXX_LANGUAGE_STANDARD = "gnu++17";
				CLANG_ENABLE_MODULES = YES;
				CLANG_ENABLE_OBJC_ARC = YES;
				CLANG_ENABLE_OBJC_WEAK = YES;
				CLANG_WARN_BLOCK_CAPTURE_AUTORELEASING = YES;
				CLANG_WARN_BOOL_CONVERSION = YES;
				CLANG_WARN_COMMA = YES;
				CLANG_WARN_CONSTANT_CONVERSION = YES;
				CLANG_WARN_DEPRECATED_OBJC_IMPLEMENTATIONS = YES;
				CLANG_WARN_DIRECT_OBJC_ISA_USAGE = YES_ERROR;
				CLANG_WARN_DOCUMENTATION_COMMENTS = YES;
				CLANG_WARN_EMPTY_BODY = YES;
				CLANG_WARN_ENUM_CONVERSION = YES;
				CLANG_WARN_INFINITE_RECURSION = YES;
				CLANG_WARN_INT_CONVERSION = YES;
				CLANG_WARN_NON_LITERAL_NULL_CONVERSION = YES;
				CLANG_WARN_OBJC_IMPLICIT_RETAIN_SELF = YES;
				CLANG_WARN_OBJC_LITERAL_CONVERSION = YES;
				CLANG_WARN_OBJC_ROOT_CLASS = YES_ERROR;
				CLANG_WARN_QUOTED_INCLUDE_IN_FRAMEWORK_HEADER = YES;
				CLANG_WARN_RANGE_LOOP_ANALYSIS = YES;
				CLANG_WARN_STRICT_PROTOTYPES = YES;
				CLANG_WARN_SUSPICIOUS_MOVE = YES;
				CLANG_WARN_UNGUARDED_AVAILABILITY = YES_AGGRESSIVE;
				CLANG_WARN_UNREACHABLE_CODE = YES;
				CLANG_WARN__DUPLICATE_METHOD_MATCH = YES;
				COPY_PHASE_STRIP = NO;
				DEBUG_INFORMATION_FORMAT = "dwarf-with-dsym";
				ENABLE_NS_ASSERTIONS = NO;
				ENABLE_STRICT_OBJC_MSGSEND = YES;
				GCC_C_LANGUAGE_STANDARD = gnu11;
				GCC_NO_COMMON_BLOCKS = YES;
				GCC_WARN_64_TO_32_BIT_CONVERSION = YES;
				GCC_WARN_ABOUT_RETURN_TYPE = YES_ERROR;
				GCC_WARN_UNDECLARED_SELECTOR = YES;
				GCC_WARN_UNINITIALIZED_AUTOS = YES_AGGRESSIVE;
				GCC_WARN_UNUSED_FUNCTION = YES;
				GCC_WARN_UNUSED_VARIABLE = YES;
				IPHONEOS_DEPLOYMENT_TARGET = 15.4;
				MTL_ENABLE_DEBUG_INFO = NO;
				MTL_FAST_MATH = YES;
				SDKROOT = iphoneos;
				SWIFT_COMPILATION_MODE = wholemodule;
				SWIFT_OPTIMIZATION_LEVEL = "-O";
				VALIDATE_PRODUCT = YES;
			};
			name = Release;
		};
		8661975E284D87C3006E7326 /* Debug */ = {
			isa = XCBuildConfiguration;
			buildSettings = {
				ASSETCATALOG_COMPILER_APPICON_NAME = AppIcon;
				ASSETCATALOG_COMPILER_GLOBAL_ACCENT_COLOR_NAME = AccentColor;
				CODE_SIGN_STYLE = Automatic;
				CURRENT_PROJECT_VERSION = 1;
				DEVELOPMENT_ASSET_PATHS = "\"iOSAppTemplate/Preview Content\"";
				DEVELOPMENT_TEAM = DLG2TN82XY;
				ENABLE_PREVIEWS = YES;
				GENERATE_INFOPLIST_FILE = YES;
				INFOPLIST_KEY_UIApplicationSceneManifest_Generation = YES;
				INFOPLIST_KEY_UIApplicationSupportsIndirectInputEvents = YES;
				INFOPLIST_KEY_UILaunchScreen_Generation = YES;
				INFOPLIST_KEY_UILaunchStoryboardName = LaunchScreen;
				INFOPLIST_KEY_UIMainStoryboardFile = LaunchScreen;
				INFOPLIST_KEY_UISupportedInterfaceOrientations_iPad = "UIInterfaceOrientationPortrait UIInterfaceOrientationPortraitUpsideDown UIInterfaceOrientationLandscapeLeft UIInterfaceOrientationLandscapeRight";
				INFOPLIST_KEY_UISupportedInterfaceOrientations_iPhone = "UIInterfaceOrientationPortrait UIInterfaceOrientationLandscapeLeft UIInterfaceOrientationLandscapeRight";
				LD_RUNPATH_SEARCH_PATHS = (
					"$(inherited)",
					"@executable_path/Frameworks",
				);
				MARKETING_VERSION = 1.0;
				PRODUCT_BUNDLE_IDENTIFIER = com.tecsup.iOSAppTemplate;
				PRODUCT_NAME = "Poke Tinder";
				SWIFT_EMIT_LOC_STRINGS = YES;
				SWIFT_VERSION = 5.0;
				TARGETED_DEVICE_FAMILY = 1;
			};
			name = Debug;
		};
		8661975F284D87C3006E7326 /* Release */ = {
			isa = XCBuildConfiguration;
			buildSettings = {
				ASSETCATALOG_COMPILER_APPICON_NAME = AppIcon;
				ASSETCATALOG_COMPILER_GLOBAL_ACCENT_COLOR_NAME = AccentColor;
				CODE_SIGN_STYLE = Automatic;
				CURRENT_PROJECT_VERSION = 1;
				DEVELOPMENT_ASSET_PATHS = "\"iOSAppTemplate/Preview Content\"";
				DEVELOPMENT_TEAM = DLG2TN82XY;
				ENABLE_PREVIEWS = YES;
				GENERATE_INFOPLIST_FILE = YES;
				INFOPLIST_KEY_UIApplicationSceneManifest_Generation = YES;
				INFOPLIST_KEY_UIApplicationSupportsIndirectInputEvents = YES;
				INFOPLIST_KEY_UILaunchScreen_Generation = YES;
				INFOPLIST_KEY_UILaunchStoryboardName = LaunchScreen;
				INFOPLIST_KEY_UIMainStoryboardFile = LaunchScreen;
				INFOPLIST_KEY_UISupportedInterfaceOrientations_iPad = "UIInterfaceOrientationPortrait UIInterfaceOrientationPortraitUpsideDown UIInterfaceOrientationLandscapeLeft UIInterfaceOrientationLandscapeRight";
				INFOPLIST_KEY_UISupportedInterfaceOrientations_iPhone = "UIInterfaceOrientationPortrait UIInterfaceOrientationLandscapeLeft UIInterfaceOrientationLandscapeRight";
				LD_RUNPATH_SEARCH_PATHS = (
					"$(inherited)",
					"@executable_path/Frameworks",
				);
				MARKETING_VERSION = 1.0;
				PRODUCT_BUNDLE_IDENTIFIER = com.tecsup.iOSAppTemplate;
				PRODUCT_NAME = "Poke Tinder";
				SWIFT_EMIT_LOC_STRINGS = YES;
				SWIFT_VERSION = 5.0;
				TARGETED_DEVICE_FAMILY = 1;
			};
			name = Release;
		};
/* End XCBuildConfiguration section */

/* Begin XCConfigurationList section */
		8661974A284D87C1006E7326 /* Build configuration list for PBXProject "iOSAppTemplate" */ = {
			isa = XCConfigurationList;
			buildConfigurations = (
				8661975B284D87C3006E7326 /* Debug */,
				8661975C284D87C3006E7326 /* Release */,
			);
			defaultConfigurationIsVisible = 0;
			defaultConfigurationName = Release;
		};
		8661975D284D87C3006E7326 /* Build configuration list for PBXNativeTarget "iOSAppTemplate" */ = {
			isa = XCConfigurationList;
			buildConfigurations = (
				8661975E284D87C3006E7326 /* Debug */,
				8661975F284D87C3006E7326 /* Release */,
			);
			defaultConfigurationIsVisible = 0;
			defaultConfigurationName = Release;
		};
/* End XCConfigurationList section */

/* Begin XCRemoteSwiftPackageReference section */
		0AA0CCEB286605CD00435407 /* XCRemoteSwiftPackageReference "firebase-ios-sdk" */ = {
			isa = XCRemoteSwiftPackageReference;
			repositoryURL = "https://github.com/firebase/firebase-ios-sdk";
			requirement = {
				kind = upToNextMajorVersion;
				minimumVersion = 9.0.0;
			};
		};
		DAEF2DF72866B13000431284 /* XCRemoteSwiftPackageReference "firebase-ios-sdk" */ = {
			isa = XCRemoteSwiftPackageReference;
			repositoryURL = "https://github.com/firebase/firebase-ios-sdk";
			requirement = {
				branch = master;
				kind = branch;
			};
		};
/* End XCRemoteSwiftPackageReference section */

/* Begin XCSwiftPackageProductDependency section */
		0AA0CCEC286605CD00435407 /* FirebaseAuth */ = {
			isa = XCSwiftPackageProductDependency;
			package = 0AA0CCEB286605CD00435407 /* XCRemoteSwiftPackageReference "firebase-ios-sdk" */;
			productName = FirebaseAuth;
		};
		0AA0CCEE286605CD00435407 /* FirebaseDatabase */ = {
			isa = XCSwiftPackageProductDependency;
			package = 0AA0CCEB286605CD00435407 /* XCRemoteSwiftPackageReference "firebase-ios-sdk" */;
			productName = FirebaseDatabase;
		};
		0AA0CCF0286605CD00435407 /* FirebaseFirestore */ = {
			isa = XCSwiftPackageProductDependency;
			package = 0AA0CCEB286605CD00435407 /* XCRemoteSwiftPackageReference "firebase-ios-sdk" */;
			productName = FirebaseFirestore;
		};
		0AA0CCF2286605CD00435407 /* FirebaseMessaging */ = {
			isa = XCSwiftPackageProductDependency;
			package = 0AA0CCEB286605CD00435407 /* XCRemoteSwiftPackageReference "firebase-ios-sdk" */;
			productName = FirebaseMessaging;
		};
		0AA0CCF4286605CD00435407 /* FirebaseStorage */ = {
			isa = XCSwiftPackageProductDependency;
			package = 0AA0CCEB286605CD00435407 /* XCRemoteSwiftPackageReference "firebase-ios-sdk" */;
			productName = FirebaseStorage;
		};
		DAEF2DF82866B13000431284 /* FirebaseAuth */ = {
			isa = XCSwiftPackageProductDependency;
			package = DAEF2DF72866B13000431284 /* XCRemoteSwiftPackageReference "firebase-ios-sdk" */;
			productName = FirebaseAuth;
		};
		DAEF2DFA2866B13000431284 /* FirebaseDatabase */ = {
			isa = XCSwiftPackageProductDependency;
			package = DAEF2DF72866B13000431284 /* XCRemoteSwiftPackageReference "firebase-ios-sdk" */;
			productName = FirebaseDatabase;
		};
		DAEF2DFC2866B13000431284 /* FirebaseFirestore */ = {
			isa = XCSwiftPackageProductDependency;
			package = DAEF2DF72866B13000431284 /* XCRemoteSwiftPackageReference "firebase-ios-sdk" */;
			productName = FirebaseFirestore;
		};
		DAEF2DFE2866B13000431284 /* FirebaseMessaging */ = {
			isa = XCSwiftPackageProductDependency;
			package = DAEF2DF72866B13000431284 /* XCRemoteSwiftPackageReference "firebase-ios-sdk" */;
			productName = FirebaseMessaging;
		};
		DAEF2E002866B13000431284 /* FirebaseStorage */ = {
			isa = XCSwiftPackageProductDependency;
			package = DAEF2DF72866B13000431284 /* XCRemoteSwiftPackageReference "firebase-ios-sdk" */;
			productName = FirebaseStorage;
		};
/* End XCSwiftPackageProductDependency section */
	};
	rootObject = 86619747284D87C1006E7326 /* Project object */;
}
